// !$*UTF8*$!
{
	archiveVersion = 1;
	classes = {
	};
	objectVersion = 50;
	objects = {

/* Begin PBXBuildFile section */
		0319D833230D784F00A27197 /* ReportMainMenuVC.swift in Sources */ = {isa = PBXBuildFile; fileRef = 0319D832230D784F00A27197 /* ReportMainMenuVC.swift */; };
		0319D835230ED3B100A27197 /* AllCatalogueVC.swift in Sources */ = {isa = PBXBuildFile; fileRef = 0319D834230ED3B100A27197 /* AllCatalogueVC.swift */; };
		03530B322325524A001E6FAF /* AllVideoRentalRpt_VC.swift in Sources */ = {isa = PBXBuildFile; fileRef = 03530B312325524A001E6FAF /* AllVideoRentalRpt_VC.swift */; };
		03530B3423256BFF001E6FAF /* AllRentalRpt_TVC.swift in Sources */ = {isa = PBXBuildFile; fileRef = 03530B3323256BFF001E6FAF /* AllRentalRpt_TVC.swift */; };
		03530B3623270360001E6FAF /* RentalSearchRpt_VC.swift in Sources */ = {isa = PBXBuildFile; fileRef = 03530B352327035F001E6FAF /* RentalSearchRpt_VC.swift */; };
		03530B3823284052001E6FAF /* videoSearchRental_TVCell.swift in Sources */ = {isa = PBXBuildFile; fileRef = 03530B3723284052001E6FAF /* videoSearchRental_TVCell.swift */; };
		0355C2AE23106C0F0004BB08 /* RentalTableViewCell.swift in Sources */ = {isa = PBXBuildFile; fileRef = 0355C2AD23106C0F0004BB08 /* RentalTableViewCell.swift */; };
		0355C2B22315E0750004BB08 /* updateCatalogueVC.swift in Sources */ = {isa = PBXBuildFile; fileRef = 0355C2B12315E0750004BB08 /* updateCatalogueVC.swift */; };
		0355C2B42318ECC10004BB08 /* updateDeleteVC.swift in Sources */ = {isa = PBXBuildFile; fileRef = 0355C2B32318ECC10004BB08 /* updateDeleteVC.swift */; };
		0355C2B62320532A0004BB08 /* videoRental.swift in Sources */ = {isa = PBXBuildFile; fileRef = 0355C2B52320532A0004BB08 /* videoRental.swift */; };
		03E29A8D23076F6B007D97E8 /* AppDelegate.swift in Sources */ = {isa = PBXBuildFile; fileRef = 03E29A8C23076F6B007D97E8 /* AppDelegate.swift */; };
		03E29A9223076F6B007D97E8 /* Main.storyboard in Resources */ = {isa = PBXBuildFile; fileRef = 03E29A9023076F6B007D97E8 /* Main.storyboard */; };
		03E29A9523076F6B007D97E8 /* VideoRentals.xcdatamodeld in Sources */ = {isa = PBXBuildFile; fileRef = 03E29A9323076F6B007D97E8 /* VideoRentals.xcdatamodeld */; };
		03E29A9723076F6D007D97E8 /* Assets.xcassets in Resources */ = {isa = PBXBuildFile; fileRef = 03E29A9623076F6D007D97E8 /* Assets.xcassets */; };
		03E29A9A23076F6D007D97E8 /* LaunchScreen.storyboard in Resources */ = {isa = PBXBuildFile; fileRef = 03E29A9823076F6D007D97E8 /* LaunchScreen.storyboard */; };
		03E29AA2230772BC007D97E8 /* VideoRentalMainPage.swift in Sources */ = {isa = PBXBuildFile; fileRef = 03E29AA1230772BC007D97E8 /* VideoRentalMainPage.swift */; };
		03E29AA423094000007D97E8 /* VideoCatalogueEntryVC.swift in Sources */ = {isa = PBXBuildFile; fileRef = 03E29AA323094000007D97E8 /* VideoCatalogueEntryVC.swift */; };
/* End PBXBuildFile section */

/* Begin PBXFileReference section */
		0319D832230D784F00A27197 /* ReportMainMenuVC.swift */ = {isa = PBXFileReference; lastKnownFileType = sourcecode.swift; path = ReportMainMenuVC.swift; sourceTree = "<group>"; };
		0319D834230ED3B100A27197 /* AllCatalogueVC.swift */ = {isa = PBXFileReference; lastKnownFileType = sourcecode.swift; path = AllCatalogueVC.swift; sourceTree = "<group>"; };
		03530B312325524A001E6FAF /* AllVideoRentalRpt_VC.swift */ = {isa = PBXFileReference; lastKnownFileType = sourcecode.swift; path = AllVideoRentalRpt_VC.swift; sourceTree = "<group>"; };
		03530B3323256BFF001E6FAF /* AllRentalRpt_TVC.swift */ = {isa = PBXFileReference; lastKnownFileType = sourcecode.swift; path = AllRentalRpt_TVC.swift; sourceTree = "<group>"; };
		03530B352327035F001E6FAF /* RentalSearchRpt_VC.swift */ = {isa = PBXFileReference; lastKnownFileType = sourcecode.swift; path = RentalSearchRpt_VC.swift; sourceTree = "<group>"; };
		03530B3723284052001E6FAF /* videoSearchRental_TVCell.swift */ = {isa = PBXFileReference; lastKnownFileType = sourcecode.swift; path = videoSearchRental_TVCell.swift; sourceTree = "<group>"; };
		0355C2AD23106C0F0004BB08 /* RentalTableViewCell.swift */ = {isa = PBXFileReference; lastKnownFileType = sourcecode.swift; path = RentalTableViewCell.swift; sourceTree = "<group>"; };
		0355C2B12315E0750004BB08 /* updateCatalogueVC.swift */ = {isa = PBXFileReference; lastKnownFileType = sourcecode.swift; path = updateCatalogueVC.swift; sourceTree = "<group>"; };
		0355C2B32318ECC10004BB08 /* updateDeleteVC.swift */ = {isa = PBXFileReference; lastKnownFileType = sourcecode.swift; path = updateDeleteVC.swift; sourceTree = "<group>"; };
		0355C2B52320532A0004BB08 /* videoRental.swift */ = {isa = PBXFileReference; lastKnownFileType = sourcecode.swift; path = videoRental.swift; sourceTree = "<group>"; };
		03E29A8923076F6B007D97E8 /* VideoRentals.app */ = {isa = PBXFileReference; explicitFileType = wrapper.application; includeInIndex = 0; path = VideoRentals.app; sourceTree = BUILT_PRODUCTS_DIR; };
		03E29A8C23076F6B007D97E8 /* AppDelegate.swift */ = {isa = PBXFileReference; lastKnownFileType = sourcecode.swift; path = AppDelegate.swift; sourceTree = "<group>"; };
		03E29A9123076F6B007D97E8 /* Base */ = {isa = PBXFileReference; lastKnownFileType = file.storyboard; name = Base; path = Base.lproj/Main.storyboard; sourceTree = "<group>"; };
		03E29A9423076F6B007D97E8 /* VideoRentals.xcdatamodel */ = {isa = PBXFileReference; lastKnownFileType = wrapper.xcdatamodel; path = VideoRentals.xcdatamodel; sourceTree = "<group>"; };
		03E29A9623076F6D007D97E8 /* Assets.xcassets */ = {isa = PBXFileReference; lastKnownFileType = folder.assetcatalog; path = Assets.xcassets; sourceTree = "<group>"; };
		03E29A9923076F6D007D97E8 /* Base */ = {isa = PBXFileReference; lastKnownFileType = file.storyboard; name = Base; path = Base.lproj/LaunchScreen.storyboard; sourceTree = "<group>"; };
		03E29A9B23076F6D007D97E8 /* Info.plist */ = {isa = PBXFileReference; lastKnownFileType = text.plist.xml; path = Info.plist; sourceTree = "<group>"; };
		03E29AA1230772BC007D97E8 /* VideoRentalMainPage.swift */ = {isa = PBXFileReference; lastKnownFileType = sourcecode.swift; path = VideoRentalMainPage.swift; sourceTree = "<group>"; };
		03E29AA323094000007D97E8 /* VideoCatalogueEntryVC.swift */ = {isa = PBXFileReference; lastKnownFileType = sourcecode.swift; path = VideoCatalogueEntryVC.swift; sourceTree = "<group>"; };
/* End PBXFileReference section */

/* Begin PBXFrameworksBuildPhase section */
		03E29A8623076F6B007D97E8 /* Frameworks */ = {
			isa = PBXFrameworksBuildPhase;
			buildActionMask = 2147483647;
			files = (
			);
			runOnlyForDeploymentPostprocessing = 0;
		};
/* End PBXFrameworksBuildPhase section */

/* Begin PBXGroup section */
		03E29A8023076F6B007D97E8 = {
			isa = PBXGroup;
			children = (
				03E29A8B23076F6B007D97E8 /* VideoRentals */,
				03E29A8A23076F6B007D97E8 /* Products */,
			);
			sourceTree = "<group>";
		};
		03E29A8A23076F6B007D97E8 /* Products */ = {
			isa = PBXGroup;
			children = (
				03E29A8923076F6B007D97E8 /* VideoRentals.app */,
			);
			name = Products;
			sourceTree = "<group>";
		};
		03E29A8B23076F6B007D97E8 /* VideoRentals */ = {
			isa = PBXGroup;
			children = (
				0355C2B12315E0750004BB08 /* updateCatalogueVC.swift */,
				0355C2AD23106C0F0004BB08 /* RentalTableViewCell.swift */,
				03E29A8C23076F6B007D97E8 /* AppDelegate.swift */,
				03E29AA1230772BC007D97E8 /* VideoRentalMainPage.swift */,
				03E29A9023076F6B007D97E8 /* Main.storyboard */,
				03530B3723284052001E6FAF /* videoSearchRental_TVCell.swift */,
				03530B352327035F001E6FAF /* RentalSearchRpt_VC.swift */,
				03530B3323256BFF001E6FAF /* AllRentalRpt_TVC.swift */,
				03530B312325524A001E6FAF /* AllVideoRentalRpt_VC.swift */,
				0355C2B52320532A0004BB08 /* videoRental.swift */,
				0355C2B32318ECC10004BB08 /* updateDeleteVC.swift */,
				0319D834230ED3B100A27197 /* AllCatalogueVC.swift */,
				0319D832230D784F00A27197 /* ReportMainMenuVC.swift */,
				03E29AA323094000007D97E8 /* VideoCatalogueEntryVC.swift */,
				03E29A9623076F6D007D97E8 /* Assets.xcassets */,
				03E29A9823076F6D007D97E8 /* LaunchScreen.storyboard */,
				03E29A9B23076F6D007D97E8 /* Info.plist */,
				03E29A9323076F6B007D97E8 /* VideoRentals.xcdatamodeld */,
			);
			path = VideoRentals;
			sourceTree = "<group>";
		};
/* End PBXGroup section */

/* Begin PBXNativeTarget section */
		03E29A8823076F6B007D97E8 /* VideoRentals */ = {
			isa = PBXNativeTarget;
			buildConfigurationList = 03E29A9E23076F6D007D97E8 /* Build configuration list for PBXNativeTarget "VideoRentals" */;
			buildPhases = (
				03E29A8523076F6B007D97E8 /* Sources */,
				03E29A8623076F6B007D97E8 /* Frameworks */,
				03E29A8723076F6B007D97E8 /* Resources */,
			);
			buildRules = (
			);
			dependencies = (
			);
			name = VideoRentals;
			productName = VideoRentals;
			productReference = 03E29A8923076F6B007D97E8 /* VideoRentals.app */;
			productType = "com.apple.product-type.application";
		};
/* End PBXNativeTarget section */

/* Begin PBXProject section */
		03E29A8123076F6B007D97E8 /* Project object */ = {
			isa = PBXProject;
			attributes = {
				LastSwiftUpdateCheck = 1030;
				LastUpgradeCheck = 1030;
				ORGANIZATIONNAME = "Ufuoma Okoro";
				TargetAttributes = {
					03E29A8823076F6B007D97E8 = {
						CreatedOnToolsVersion = 10.3;
					};
				};
			};
			buildConfigurationList = 03E29A8423076F6B007D97E8 /* Build configuration list for PBXProject "VideoRentals" */;
			compatibilityVersion = "Xcode 9.3";
			developmentRegion = en;
			hasScannedForEncodings = 0;
			knownRegions = (
				en,
				Base,
			);
			mainGroup = 03E29A8023076F6B007D97E8;
			productRefGroup = 03E29A8A23076F6B007D97E8 /* Products */;
			projectDirPath = "";
			projectRoot = "";
			targets = (
				03E29A8823076F6B007D97E8 /* VideoRentals */,
			);
		};
/* End PBXProject section */

/* Begin PBXResourcesBuildPhase section */
		03E29A8723076F6B007D97E8 /* Resources */ = {
			isa = PBXResourcesBuildPhase;
			buildActionMask = 2147483647;
			files = (
				03E29A9A23076F6D007D97E8 /* LaunchScreen.storyboard in Resources */,
				03E29A9723076F6D007D97E8 /* Assets.xcassets in Resources */,
				03E29A9223076F6B007D97E8 /* Main.storyboard in Resources */,
			);
			runOnlyForDeploymentPostprocessing = 0;
		};
/* End PBXResourcesBuildPhase section */

/* Begin PBXSourcesBuildPhase section */
		03E29A8523076F6B007D97E8 /* Sources */ = {
			isa = PBXSourcesBuildPhase;
			buildActionMask = 2147483647;
			files = (
				0355C2B42318ECC10004BB08 /* updateDeleteVC.swift in Sources */,
				03530B322325524A001E6FAF /* AllVideoRentalRpt_VC.swift in Sources */,
				03530B3423256BFF001E6FAF /* AllRentalRpt_TVC.swift in Sources */,
				0355C2B22315E0750004BB08 /* updateCatalogueVC.swift in Sources */,
				03530B3623270360001E6FAF /* RentalSearchRpt_VC.swift in Sources */,
				03E29AA2230772BC007D97E8 /* VideoRentalMainPage.swift in Sources */,
				0355C2B62320532A0004BB08 /* videoRental.swift in Sources */,
				03E29AA423094000007D97E8 /* VideoCatalogueEntryVC.swift in Sources */,
				0319D835230ED3B100A27197 /* AllCatalogueVC.swift in Sources */,
				03530B3823284052001E6FAF /* videoSearchRental_TVCell.swift in Sources */,
				0319D833230D784F00A27197 /* ReportMainMenuVC.swift in Sources */,
				03E29A8D23076F6B007D97E8 /* AppDelegate.swift in Sources */,
				03E29A9523076F6B007D97E8 /* VideoRentals.xcdatamodeld in Sources */,
				0355C2AE23106C0F0004BB08 /* RentalTableViewCell.swift in Sources */,
			);
			runOnlyForDeploymentPostprocessing = 0;
		};
/* End PBXSourcesBuildPhase section */

/* Begin PBXVariantGroup section */
		03E29A9023076F6B007D97E8 /* Main.storyboard */ = {
			isa = PBXVariantGroup;
			children = (
				03E29A9123076F6B007D97E8 /* Base */,
			);
			name = Main.storyboard;
			sourceTree = "<group>";
		};
		03E29A9823076F6D007D97E8 /* LaunchScreen.storyboard */ = {
			isa = PBXVariantGroup;
			children = (
				03E29A9923076F6D007D97E8 /* Base */,
			);
			name = LaunchScreen.storyboard;
			sourceTree = "<group>";
		};
/* End PBXVariantGroup section */

/* Begin XCBuildConfiguration section */
		03E29A9C23076F6D007D97E8 /* Debug */ = {
			isa = XCBuildConfiguration;
			buildSettings = {
				ALWAYS_SEARCH_USER_PATHS = NO;
				CLANG_ANALYZER_NONNULL = YES;
				CLANG_ANALYZER_NUMBER_OBJECT_CONVERSION = YES_AGGRESSIVE;
				CLANG_CXX_LANGUAGE_STANDARD = "gnu++14";
				CLANG_CXX_LIBRARY = "libc++";
				CLANG_ENABLE_MODULES = YES;
				CLANG_ENABLE_OBJC_ARC = YES;
				CLANG_ENABLE_OBJC_WEAK = YES;
				CLANG_WARN_BLOCK_CAPTURE_AUTORELEASING = YES;
				CLANG_WARN_BOOL_CONVERSION = YES;
				CLANG_WARN_COMMA = YES;
				CLANG_WARN_CONSTANT_CONVERSION = YES;
				CLANG_WARN_DEPRECATED_OBJC_IMPLEMENTATIONS = YES;
				CLANG_WARN_DIRECT_OBJC_ISA_USAGE = YES_ERROR;
				CLANG_WARN_DOCUMENTATION_COMMENTS = YES;
				CLANG_WARN_EMPTY_BODY = YES;
				CLANG_WARN_ENUM_CONVERSION = YES;
				CLANG_WARN_INFINITE_RECURSION = YES;
				CLANG_WARN_INT_CONVERSION = YES;
				CLANG_WARN_NON_LITERAL_NULL_CONVERSION = YES;
				CLANG_WARN_OBJC_IMPLICIT_RETAIN_SELF = YES;
				CLANG_WARN_OBJC_LITERAL_CONVERSION = YES;
				CLANG_WARN_OBJC_ROOT_CLASS = YES_ERROR;
				CLANG_WARN_RANGE_LOOP_ANALYSIS = YES;
				CLANG_WARN_STRICT_PROTOTYPES = YES;
				CLANG_WARN_SUSPICIOUS_MOVE = YES;
				CLANG_WARN_UNGUARDED_AVAILABILITY = YES_AGGRESSIVE;
				CLANG_WARN_UNREACHABLE_CODE = YES;
				CLANG_WARN__DUPLICATE_METHOD_MATCH = YES;
				CODE_SIGN_IDENTITY = "iPhone Developer";
				COPY_PHASE_STRIP = NO;
				DEBUG_INFORMATION_FORMAT = dwarf;
				ENABLE_STRICT_OBJC_MSGSEND = YES;
				ENABLE_TESTABILITY = YES;
				GCC_C_LANGUAGE_STANDARD = gnu11;
				GCC_DYNAMIC_NO_PIC = NO;
				GCC_NO_COMMON_BLOCKS = YES;
				GCC_OPTIMIZATION_LEVEL = 0;
				GCC_PREPROCESSOR_DEFINITIONS = (
					"DEBUG=1",
					"$(inherited)",
				);
				GCC_WARN_64_TO_32_BIT_CONVERSION = YES;
				GCC_WARN_ABOUT_RETURN_TYPE = YES_ERROR;
				GCC_WARN_UNDECLARED_SELECTOR = YES;
				GCC_WARN_UNINITIALIZED_AUTOS = YES_AGGRESSIVE;
				GCC_WARN_UNUSED_FUNCTION = YES;
				GCC_WARN_UNUSED_VARIABLE = YES;
				IPHONEOS_DEPLOYMENT_TARGET = 12.4;
				MTL_ENABLE_DEBUG_INFO = INCLUDE_SOURCE;
				MTL_FAST_MATH = YES;
				ONLY_ACTIVE_ARCH = YES;
				SDKROOT = iphoneos;
				SWIFT_ACTIVE_COMPILATION_CONDITIONS = DEBUG;
				SWIFT_OPTIMIZATION_LEVEL = "-Onone";
			};
			name = Debug;
		};
		03E29A9D23076F6D007D97E8 /* Release */ = {
			isa = XCBuildConfiguration;
			buildSettings = {
				ALWAYS_SEARCH_USER_PATHS = NO;
				CLANG_ANALYZER_NONNULL = YES;
				CLANG_ANALYZER_NUMBER_OBJECT_CONVERSION = YES_AGGRESSIVE;
				CLANG_CXX_LANGUAGE_STANDARD = "gnu++14";
				CLANG_CXX_LIBRARY = "libc++";
				CLANG_ENABLE_MODULES = YES;
				CLANG_ENABLE_OBJC_ARC = YES;
				CLANG_ENABLE_OBJC_WEAK = YES;
				CLANG_WARN_BLOCK_CAPTURE_AUTORELEASING = YES;
				CLANG_WARN_BOOL_CONVERSION = YES;
				CLANG_WARN_COMMA = YES;
				CLANG_WARN_CONSTANT_CONVERSION = YES;
				CLANG_WARN_DEPRECATED_OBJC_IMPLEMENTATIONS = YES;
				CLANG_WARN_DIRECT_OBJC_ISA_USAGE = YES_ERROR;
				CLANG_WARN_DOCUMENTATION_COMMENTS = YES;
				CLANG_WARN_EMPTY_BODY = YES;
				CLANG_WARN_ENUM_CONVERSION = YES;
				CLANG_WARN_INFINITE_RECURSION = YES;
				CLANG_WARN_INT_CONVERSION = YES;
				CLANG_WARN_NON_LITERAL_NULL_CONVERSION = YES;
				CLANG_WARN_OBJC_IMPLICIT_RETAIN_SELF = YES;
				CLANG_WARN_OBJC_LITERAL_CONVERSION = YES;
				CLANG_WARN_OBJC_ROOT_CLASS = YES_ERROR;
				CLANG_WARN_RANGE_LOOP_ANALYSIS = YES;
				CLANG_WARN_STRICT_PROTOTYPES = YES;
				CLANG_WARN_SUSPICIOUS_MOVE = YES;
				CLANG_WARN_UNGUARDED_AVAILABILITY = YES_AGGRESSIVE;
				CLANG_WARN_UNREACHABLE_CODE = YES;
				CLANG_WARN__DUPLICATE_METHOD_MATCH = YES;
				CODE_SIGN_IDENTITY = "iPhone Developer";
				COPY_PHASE_STRIP = NO;
				DEBUG_INFORMATION_FORMAT = "dwarf-with-dsym";
				ENABLE_NS_ASSERTIONS = NO;
				ENABLE_STRICT_OBJC_MSGSEND = YES;
				GCC_C_LANGUAGE_STANDARD = gnu11;
				GCC_NO_COMMON_BLOCKS = YES;
				GCC_WARN_64_TO_32_BIT_CONVERSION = YES;
				GCC_WARN_ABOUT_RETURN_TYPE = YES_ERROR;
				GCC_WARN_UNDECLARED_SELECTOR = YES;
				GCC_WARN_UNINITIALIZED_AUTOS = YES_AGGRESSIVE;
				GCC_WARN_UNUSED_FUNCTION = YES;
				GCC_WARN_UNUSED_VARIABLE = YES;
				IPHONEOS_DEPLOYMENT_TARGET = 12.4;
				MTL_ENABLE_DEBUG_INFO = NO;
				MTL_FAST_MATH = YES;
				SDKROOT = iphoneos;
				SWIFT_COMPILATION_MODE = wholemodule;
				SWIFT_OPTIMIZATION_LEVEL = "-O";
				VALIDATE_PRODUCT = YES;
			};
			name = Release;
		};
		03E29A9F23076F6D007D97E8 /* Debug */ = {
			isa = XCBuildConfiguration;
			buildSettings = {
				ASSETCATALOG_COMPILER_APPICON_NAME = AppIcon;
				CODE_SIGN_STYLE = Automatic;
				INFOPLIST_FILE = VideoRentals/Info.plist;
				LD_RUNPATH_SEARCH_PATHS = (
					"$(inherited)",
					"@executable_path/Frameworks",
				);
				PRODUCT_BUNDLE_IDENTIFIER = "ufookoro-me.com.VideoRentals";
				PRODUCT_NAME = "$(TARGET_NAME)";
				SWIFT_VERSION = 5.0;
				TARGETED_DEVICE_FAMILY = "1,2";
			};
			name = Debug;
		};
		03E29AA023076F6D007D97E8 /* Release */ = {
			isa = XCBuildConfiguration;
			buildSettings = {
				ASSETCATALOG_COMPILER_APPICON_NAME = AppIcon;
				CODE_SIGN_STYLE = Automatic;
				INFOPLIST_FILE = VideoRentals/Info.plist;
				LD_RUNPATH_SEARCH_PATHS = (
					"$(inherited)",
					"@executable_path/Frameworks",
				);
				PRODUCT_BUNDLE_IDENTIFIER = "ufookoro-me.com.VideoRentals";
				PRODUCT_NAME = "$(TARGET_NAME)";
				SWIFT_VERSION = 5.0;
				TARGETED_DEVICE_FAMILY = "1,2";
			};
			name = Release;
		};
/* End XCBuildConfiguration section */

/* Begin XCConfigurationList section */
		03E29A8423076F6B007D97E8 /* Build configuration list for PBXProject "VideoRentals" */ = {
			isa = XCConfigurationList;
			buildConfigurations = (
				03E29A9C23076F6D007D97E8 /* Debug */,
				03E29A9D23076F6D007D97E8 /* Release */,
			);
			defaultConfigurationIsVisible = 0;
			defaultConfigurationName = Release;
		};
		03E29A9E23076F6D007D97E8 /* Build configuration list for PBXNativeTarget "VideoRentals" */ = {
			isa = XCConfigurationList;
			buildConfigurations = (
				03E29A9F23076F6D007D97E8 /* Debug */,
				03E29AA023076F6D007D97E8 /* Release */,
			);
			defaultConfigurationIsVisible = 0;
			defaultConfigurationName = Release;
		};
/* End XCConfigurationList section */

/* Begin XCVersionGroup section */
		03E29A9323076F6B007D97E8 /* VideoRentals.xcdatamodeld */ = {
			isa = XCVersionGroup;
			children = (
				03E29A9423076F6B007D97E8 /* VideoRentals.xcdatamodel */,
			);
			currentVersion = 03E29A9423076F6B007D97E8 /* VideoRentals.xcdatamodel */;
			path = VideoRentals.xcdatamodeld;
			sourceTree = "<group>";
			versionGroupType = wrapper.xcdatamodel;
		};
/* End XCVersionGroup section */
	};
	rootObject = 03E29A8123076F6B007D97E8 /* Project object */;
}
